
Microsoft Visual Studio Solution File, Format Version 12.00
# Visual Studio Version 17
VisualStudioVersion = 17.7.34031.279
MinimumVisualStudioVersion = 10.0.40219.1
Project("{FAE04EC0-301F-11D3-BF4B-00C04F79EFBC}") = "Event", "Event\Event.csproj", "{931501A6-85FE-409A-86E0-CA3E58D13094}"
EndProject
Global
	GlobalSection(SolutionConfigurationPlatforms) = preSolution
		Debug|Any CPU = Debug|Any CPU
		Release|Any CPU = Release|Any CPU
	EndGlobalSection
	GlobalSection(ProjectConfigurationPlatforms) = postSolution
		{931501A6-85FE-409A-86E0-CA3E58D13094}.Debug|Any CPU.ActiveCfg = Debug|Any CPU
		{931501A6-85FE-409A-86E0-CA3E58D13094}.Debug|Any CPU.Build.0 = Debug|Any CPU
		{931501A6-85FE-409A-86E0-CA3E58D13094}.Release|Any CPU.ActiveCfg = Release|Any CPU
		{931501A6-85FE-409A-86E0-CA3E58D13094}.Release|Any CPU.Build.0 = Release|Any CPU
	EndGlobalSection
	GlobalSection(SolutionProperties) = preSolution
		HideSolutionNode = FALSE
	EndGlobalSection
	GlobalSection(ExtensibilityGlobals) = postSolution
		SolutionGuid = {415C5EEC-9905-4A67-B663-AAE1F2275BDE}
	EndGlobalSection
EndGlobal
